
Microsoft Visual Studio Solution File, Format Version 12.00
# Visual Studio Version 16
VisualStudioVersion = 16.0.29613.14
MinimumVisualStudioVersion = 10.0.40219.1
Project("{FAE04EC0-301F-11D3-BF4B-00C04F79EFBC}") = "LibreCat", "LibreCat\LibreCat.csproj", "{6BC207DA-AA33-455F-8111-7DCCD34FB1DB}"
EndProject
Global
	GlobalSection(SolutionConfigurationPlatforms) = preSolution
		Debug|Any CPU = Debug|Any CPU
		Release|Any CPU = Release|Any CPU
	EndGlobalSection
	GlobalSection(ProjectConfigurationPlatforms) = postSolution
		{6BC207DA-AA33-455F-8111-7DCCD34FB1DB}.Debug|Any CPU.ActiveCfg = Debug|Any CPU
		{6BC207DA-AA33-455F-8111-7DCCD34FB1DB}.Debug|Any CPU.Build.0 = Debug|Any CPU
		{6BC207DA-AA33-455F-8111-7DCCD34FB1DB}.Release|Any CPU.ActiveCfg = Release|Any CPU
		{6BC207DA-AA33-455F-8111-7DCCD34FB1DB}.Release|Any CPU.Build.0 = Release|Any CPU
	EndGlobalSection
	GlobalSection(SolutionProperties) = preSolution
		HideSolutionNode = FALSE
	EndGlobalSection
	GlobalSection(ExtensibilityGlobals) = postSolution
		SolutionGuid = {F800B9E8-5229-4942-BAD5-50C82FF12FE7}
	EndGlobalSection
EndGlobal
